// !$*UTF8*$!
{
	archiveVersion = 1;
	classes = {
	};
	objectVersion = 52;
	objects = {

/* Begin PBXBuildFile section */
		6B42318827AD1BC0002D135A /* HyphenationRemover.swift in Sources */ = {isa = PBXBuildFile; fileRef = 6B42318727AD1BC0002D135A /* HyphenationRemover.swift */; };
		B608540B27A66694003BF243 /* SectionButton+.swift in Sources */ = {isa = PBXBuildFile; fileRef = B608540A27A66694003BF243 /* SectionButton+.swift */; };
		B608541227A66A90003BF243 /* JSONYamlConverter+.swift in Sources */ = {isa = PBXBuildFile; fileRef = B608541127A66A90003BF243 /* JSONYamlConverter+.swift */; };
		B608541527A66CC9003BF243 /* CoreUtil.framework in Frameworks */ = {isa = PBXBuildFile; fileRef = B64B1F5E27A4FC1900AC2601 /* CoreUtil.framework */; };
		B608541627A66CC9003BF243 /* CoreUtil.framework in Embed Frameworks */ = {isa = PBXBuildFile; fileRef = B64B1F5E27A4FC1900AC2601 /* CoreUtil.framework */; settings = {ATTRIBUTES = (CodeSignOnCopy, RemoveHeadersOnCopy, ); }; };
		B608541B27A672E3003BF243 /* Yams in Frameworks */ = {isa = PBXBuildFile; productRef = B608541A27A672E3003BF243 /* Yams */; };
		B608541E27A67B48003BF243 /* NumberBaseConverter+.swift in Sources */ = {isa = PBXBuildFile; fileRef = B608541D27A67B48003BF243 /* NumberBaseConverter+.swift */; };
		B608542027A67E4D003BF243 /* TextField.swift in Sources */ = {isa = PBXBuildFile; fileRef = B608541F27A67E4D003BF243 /* TextField.swift */; };
		B61796C527BCB3090054660E /* ToolCategoryCell.swift in Sources */ = {isa = PBXBuildFile; fileRef = B61796C427BCB3090054660E /* ToolCategoryCell.swift */; };
		B61796C727BCB6F00054660E /* SettingView+.swift in Sources */ = {isa = PBXBuildFile; fileRef = B61796C627BCB6F00054660E /* SettingView+.swift */; };
		B61796C927BCB84A0054660E /* Settings.swift in Sources */ = {isa = PBXBuildFile; fileRef = B61796C827BCB84A0054660E /* Settings.swift */; };
		B62013B427A9070D00AF5386 /* UUIDGenerator.swift in Sources */ = {isa = PBXBuildFile; fileRef = B62013B327A9070D00AF5386 /* UUIDGenerator.swift */; };
		B62013B627A90B8900AF5386 /* NumberField.swift in Sources */ = {isa = PBXBuildFile; fileRef = B62013B527A90B8900AF5386 /* NumberField.swift */; };
		B620141C27A917E000AF5386 /* Button.swift in Sources */ = {isa = PBXBuildFile; fileRef = B620141B27A917E000AF5386 /* Button.swift */; };
		B620141E27A91F6700AF5386 /* LoremIpsumGenerator.swift in Sources */ = {isa = PBXBuildFile; fileRef = B620141D27A91F6700AF5386 /* LoremIpsumGenerator.swift */; };
		B620142127A9271500AF5386 /* TextInspector.swift in Sources */ = {isa = PBXBuildFile; fileRef = B620142027A9271500AF5386 /* TextInspector.swift */; };
		B620142327A929B400AF5386 /* TagCloudView.swift in Sources */ = {isa = PBXBuildFile; fileRef = B620142227A929B400AF5386 /* TagCloudView.swift */; };
		B627294F27BFB7680034D70C /* WebpImageExporter.swift in Sources */ = {isa = PBXBuildFile; fileRef = B627294E27BFB7680034D70C /* WebpImageExporter.swift */; };
		B627295227BFB8CB0034D70C /* cwebp in Resources */ = {isa = PBXBuildFile; fileRef = B627295127BFB8CB0034D70C /* cwebp */; };
		B627295727BFCCC40034D70C /* HeicImageExporter.swift in Sources */ = {isa = PBXBuildFile; fileRef = B627295627BFCCC40034D70C /* HeicImageExporter.swift */; };
		B629B93127B8F7E400F573C9 /* ToolManager+Default.swift in Sources */ = {isa = PBXBuildFile; fileRef = B629B93027B8F7E400F573C9 /* ToolManager+Default.swift */; };
		B64844FF27B767EC004FE02B /* ToolManager+.swift in Sources */ = {isa = PBXBuildFile; fileRef = B64844FE27B767EC004FE02B /* ToolManager+.swift */; };
		B64AA45027AD0D3900EC436D /* DateConverter+.swift in Sources */ = {isa = PBXBuildFile; fileRef = B64AA44F27AD0D3900EC436D /* DateConverter+.swift */; };
		B64B1E7427A4F5E200AC2601 /* AppDelegate.swift in Sources */ = {isa = PBXBuildFile; fileRef = B64B1E7327A4F5E200AC2601 /* AppDelegate.swift */; };
		B64B1E7627A4F5E200AC2601 /* AppViewController.swift in Sources */ = {isa = PBXBuildFile; fileRef = B64B1E7527A4F5E200AC2601 /* AppViewController.swift */; };
		B64B1E7827A4F5E300AC2601 /* Assets.xcassets in Resources */ = {isa = PBXBuildFile; fileRef = B64B1E7727A4F5E300AC2601 /* Assets.xcassets */; };
		B64B1E7B27A4F5E300AC2601 /* Main.storyboard in Resources */ = {isa = PBXBuildFile; fileRef = B64B1E7927A4F5E300AC2601 /* Main.storyboard */; };
		B64B1F7227A4FDC800AC2601 /* AppModel.swift in Sources */ = {isa = PBXBuildFile; fileRef = B64B1F7127A4FDC800AC2601 /* AppModel.swift */; };
		B64B1F7727A4FF8B00AC2601 /* SidebarView+.swift in Sources */ = {isa = PBXBuildFile; fileRef = B64B1F7627A4FF8B00AC2601 /* SidebarView+.swift */; };
		B64B201627A5100800AC2601 /* Separator.swift in Sources */ = {isa = PBXBuildFile; fileRef = B64B201527A5100800AC2601 /* Separator.swift */; };
		B64B201D27A5219400AC2601 /* SearchCell.swift in Sources */ = {isa = PBXBuildFile; fileRef = B64B201C27A5219400AC2601 /* SearchCell.swift */; };
		B64B202027A523A200AC2601 /* ToolMenuCell.swift in Sources */ = {isa = PBXBuildFile; fileRef = B64B201F27A523A200AC2601 /* ToolMenuCell.swift */; };
		B64B202327A52A2D00AC2601 /* R.swift in Sources */ = {isa = PBXBuildFile; fileRef = B64B202227A52A2D00AC2601 /* R.swift */; };
		B64B202627A52DB400AC2601 /* ToolType.swift in Sources */ = {isa = PBXBuildFile; fileRef = B64B202527A52DB400AC2601 /* ToolType.swift */; };
		B64B209827A532DF00AC2601 /* AppWindowController.swift in Sources */ = {isa = PBXBuildFile; fileRef = B64B209727A532DF00AC2601 /* AppWindowController.swift */; };
		B65DB78027AC0EB400146A3C /* RegexTesterView+.swift in Sources */ = {isa = PBXBuildFile; fileRef = B65DB77F27AC0EB400146A3C /* RegexTesterView+.swift */; };
		B66850EE27A64D3200A3FE01 /* Page.swift in Sources */ = {isa = PBXBuildFile; fileRef = B66850ED27A64D3200A3FE01 /* Page.swift */; };
		B66850F227A65FC200A3FE01 /* SwiftJSONFormatter in Frameworks */ = {isa = PBXBuildFile; productRef = B66850F127A65FC200A3FE01 /* SwiftJSONFormatter */; };
		B672CFA027AAB8DD00391A5D /* FileDrop.swift in Sources */ = {isa = PBXBuildFile; fileRef = B672CF9F27AAB8DD00391A5D /* FileDrop.swift */; };
		B673A90227AD0E78005512AB /* DatePicker.swift in Sources */ = {isa = PBXBuildFile; fileRef = B673A90127AD0E78005512AB /* DatePicker.swift */; };
		B67A4C0827C0BA00009277FB /* ColorPickerHandleLayer.swift in Sources */ = {isa = PBXBuildFile; fileRef = B67A4C0227C0B9FF009277FB /* ColorPickerHandleLayer.swift */; };
		B67A4C0927C0BA00009277FB /* OpacityBarView.swift in Sources */ = {isa = PBXBuildFile; fileRef = B67A4C0327C0B9FF009277FB /* OpacityBarView.swift */; };
		B67A4C0A27C0BA00009277FB /* HueBarView.swift in Sources */ = {isa = PBXBuildFile; fileRef = B67A4C0427C0B9FF009277FB /* HueBarView.swift */; };
		B67A4C0B27C0BA00009277FB /* ColorPickerView+.swift in Sources */ = {isa = PBXBuildFile; fileRef = B67A4C0527C0B9FF009277FB /* ColorPickerView+.swift */; };
		B67A4C0C27C0BA00009277FB /* ColorBoxView.swift in Sources */ = {isa = PBXBuildFile; fileRef = B67A4C0627C0B9FF009277FB /* ColorBoxView.swift */; };
		B67A4C0D27C0BA00009277FB /* Color.swift in Sources */ = {isa = PBXBuildFile; fileRef = B67A4C0727C0B9FF009277FB /* Color.swift */; };
		B680A79527A68B35007CB707 /* HTMLDecoder.swift in Sources */ = {isa = PBXBuildFile; fileRef = B680A79427A68B35007CB707 /* HTMLDecoder.swift */; };
		B680A79827A69268007CB707 /* HTMLEntities in Frameworks */ = {isa = PBXBuildFile; productRef = B680A79727A69268007CB707 /* HTMLEntities */; };
		B680A79A27A69324007CB707 /* URLDecoder.swift in Sources */ = {isa = PBXBuildFile; fileRef = B680A79927A69324007CB707 /* URLDecoder.swift */; };
		B680A79C27A6947D007CB707 /* Base64Decoder.swift in Sources */ = {isa = PBXBuildFile; fileRef = B680A79B27A6947D007CB707 /* Base64Decoder.swift */; };
		B680A83327A8BF7D007CB707 /* TextViewSection.swift in Sources */ = {isa = PBXBuildFile; fileRef = B680A83227A8BF7D007CB707 /* TextViewSection.swift */; };
		B680A86827A8D4D1007CB707 /* TextFieldSection.swift in Sources */ = {isa = PBXBuildFile; fileRef = B680A86727A8D4D1007CB707 /* TextFieldSection.swift */; };
		B680A89A27A8D9DD007CB707 /* Toast.swift in Sources */ = {isa = PBXBuildFile; fileRef = B680A89927A8D9DD007CB707 /* Toast.swift */; };
		B680A8A727A8DD5D007CB707 /* JWTDecoder.swift in Sources */ = {isa = PBXBuildFile; fileRef = B680A8A627A8DD5D007CB707 /* JWTDecoder.swift */; };
		B680A8AA27A8E106007CB707 /* HashGenerator.swift in Sources */ = {isa = PBXBuildFile; fileRef = B680A8A927A8E106007CB707 /* HashGenerator.swift */; };
		B680A8AD27A8E31C007CB707 /* CryptoSwift in Frameworks */ = {isa = PBXBuildFile; productRef = B680A8AC27A8E31C007CB707 /* CryptoSwift */; };
		B6AC273027AA1373000FD713 /* optipng in Resources */ = {isa = PBXBuildFile; fileRef = B6AC272F27AA1373000FD713 /* optipng */; };
		B6AC273227AA2BF6000FD713 /* ImageOptimizer.swift in Sources */ = {isa = PBXBuildFile; fileRef = B6AC273127AA2BF6000FD713 /* ImageOptimizer.swift */; };
		B6AC276527AA3D61000FD713 /* jpegoptim in Resources */ = {isa = PBXBuildFile; fileRef = B6AC276427AA3D61000FD713 /* jpegoptim */; };
		B6AC276A27AA535A000FD713 /* PDFGeneratorView+.swift in Sources */ = {isa = PBXBuildFile; fileRef = B6AC276927AA535A000FD713 /* PDFGeneratorView+.swift */; };
		B6B5726227AC14B60069DBA7 /* TextView.swift in Sources */ = {isa = PBXBuildFile; fileRef = B6B5726127AC14B60069DBA7 /* TextView.swift */; };
		B6B5726427AC14D10069DBA7 /* RegexTextView.swift in Sources */ = {isa = PBXBuildFile; fileRef = B6B5726327AC14D10069DBA7 /* RegexTextView.swift */; };
		B6B5728027ACC3AF0069DBA7 /* ChecksumGenerator.swift in Sources */ = {isa = PBXBuildFile; fileRef = B6B5727F27ACC3AE0069DBA7 /* ChecksumGenerator.swift */; };
		B6B5728227ACCF2F0069DBA7 /* XMLFormatter.swift in Sources */ = {isa = PBXBuildFile; fileRef = B6B5728127ACCF2F0069DBA7 /* XMLFormatter.swift */; };
		B6B5728827ACD2F20069DBA7 /* Kanna in Frameworks */ = {isa = PBXBuildFile; productRef = B6B5728727ACD2F20069DBA7 /* Kanna */; };
		B6B5728A27ACDA420069DBA7 /* ImageConverterView+.swift in Sources */ = {isa = PBXBuildFile; fileRef = B6B5728927ACDA420069DBA7 /* ImageConverterView+.swift */; };
		B6B5728C27ACE5600069DBA7 /* ImageConverter.swift in Sources */ = {isa = PBXBuildFile; fileRef = B6B5728B27ACE5600069DBA7 /* ImageConverter.swift */; };
		B6B5728F27ACFA6E0069DBA7 /* ImageDropper.swift in Sources */ = {isa = PBXBuildFile; fileRef = B6B5728E27ACFA6D0069DBA7 /* ImageDropper.swift */; };
		B6BD80EB27B89EA600152AB9 /* ImageOptimaizerView.swift in Sources */ = {isa = PBXBuildFile; fileRef = B6BD80EA27B89EA600152AB9 /* ImageOptimaizerView.swift */; };
		B6BD80EF27B8A85400152AB9 /* ToolCategory+Default.swift in Sources */ = {isa = PBXBuildFile; fileRef = B6BD80EE27B8A85400152AB9 /* ToolCategory+Default.swift */; };
		B6BD80F127B8A86100152AB9 /* Tool+Default.swift in Sources */ = {isa = PBXBuildFile; fileRef = B6BD80F027B8A86100152AB9 /* Tool+Default.swift */; };
		B6BD80F427B8AEE700152AB9 /* Localizable.strings in Resources */ = {isa = PBXBuildFile; fileRef = B6BD80F627B8AEE700152AB9 /* Localizable.strings */; };
		B6D1AEDF27A534960022FED2 /* BodyViewController.swift in Sources */ = {isa = PBXBuildFile; fileRef = B6D1AEDE27A534960022FED2 /* BodyViewController.swift */; };
		B6D1AEE427A53A560022FED2 /* HomeViewController.swift in Sources */ = {isa = PBXBuildFile; fileRef = B6D1AEE327A53A560022FED2 /* HomeViewController.swift */; };
		B6D1AEE927A545230022FED2 /* Area.swift in Sources */ = {isa = PBXBuildFile; fileRef = B6D1AEE827A545230022FED2 /* Area.swift */; };
		B6D1AEEC27A546810022FED2 /* ControlBackgroundLayer.swift in Sources */ = {isa = PBXBuildFile; fileRef = B6D1AEEB27A546810022FED2 /* ControlBackgroundLayer.swift */; };
		B6D1AEF027A547B90022FED2 /* JSONFormatter+.swift in Sources */ = {isa = PBXBuildFile; fileRef = B6D1AEEF27A547B90022FED2 /* JSONFormatter+.swift */; };
		B6D1AEF427A54C440022FED2 /* Section.swift in Sources */ = {isa = PBXBuildFile; fileRef = B6D1AEF327A54C440022FED2 /* Section.swift */; };
		B6D1AEF727A54F750022FED2 /* SectionButton.swift in Sources */ = {isa = PBXBuildFile; fileRef = B6D1AEF627A54F750022FED2 /* SectionButton.swift */; };
		B6D1AEFA27A557280022FED2 /* PopupButton.swift in Sources */ = {isa = PBXBuildFile; fileRef = B6D1AEF927A557280022FED2 /* PopupButton.swift */; };
		B6D1AEFD27A55ED50022FED2 /* CodeTextView.swift in Sources */ = {isa = PBXBuildFile; fileRef = B6D1AEFC27A55ED50022FED2 /* CodeTextView.swift */; };
		B6D1AF0627A5603B0022FED2 /* Highlightr in Frameworks */ = {isa = PBXBuildFile; productRef = B6D1AF0527A5603B0022FED2 /* Highlightr */; };
		B6E15A9427B6745100DC4D6B /* libimageoptimjpeg.dylib in Resources */ = {isa = PBXBuildFile; fileRef = B6E15A9227B6742300DC4D6B /* libimageoptimjpeg.dylib */; };
		B6ED863627BFE7DC00A17474 /* DefaultImageExporter.swift in Sources */ = {isa = PBXBuildFile; fileRef = B6ED863527BFE7DC00A17474 /* DefaultImageExporter.swift */; };
/* End PBXBuildFile section */

/* Begin PBXContainerItemProxy section */
		B64B1F5D27A4FC1900AC2601 /* PBXContainerItemProxy */ = {
			isa = PBXContainerItemProxy;
			containerPortal = B64B1F5927A4FC1800AC2601 /* CoreUtil.xcodeproj */;
			proxyType = 2;
			remoteGlobalIDString = B64B1E8F27A4F67000AC2601;
			remoteInfo = CoreUtil;
		};
		B64B1F5F27A4FC1F00AC2601 /* PBXContainerItemProxy */ = {
			isa = PBXContainerItemProxy;
			containerPortal = B64B1F5927A4FC1800AC2601 /* CoreUtil.xcodeproj */;
			proxyType = 1;
			remoteGlobalIDString = B64B1E8E27A4F67000AC2601;
			remoteInfo = CoreUtil;
		};
/* End PBXContainerItemProxy section */

/* Begin PBXCopyFilesBuildPhase section */
		B608541727A66CC9003BF243 /* Embed Frameworks */ = {
			isa = PBXCopyFilesBuildPhase;
			buildActionMask = 2147483647;
			dstPath = "";
			dstSubfolderSpec = 10;
			files = (
				B608541627A66CC9003BF243 /* CoreUtil.framework in Embed Frameworks */,
			);
			name = "Embed Frameworks";
			runOnlyForDeploymentPostprocessing = 0;
		};
/* End PBXCopyFilesBuildPhase section */

/* Begin PBXFileReference section */
		6B42318727AD1BC0002D135A /* HyphenationRemover.swift */ = {isa = PBXFileReference; lastKnownFileType = sourcecode.swift; path = HyphenationRemover.swift; sourceTree = "<group>"; };
		B608540A27A66694003BF243 /* SectionButton+.swift */ = {isa = PBXFileReference; lastKnownFileType = sourcecode.swift; path = "SectionButton+.swift"; sourceTree = "<group>"; };
		B608541127A66A90003BF243 /* JSONYamlConverter+.swift */ = {isa = PBXFileReference; lastKnownFileType = sourcecode.swift; path = "JSONYamlConverter+.swift"; sourceTree = "<group>"; };
		B608541D27A67B48003BF243 /* NumberBaseConverter+.swift */ = {isa = PBXFileReference; lastKnownFileType = sourcecode.swift; path = "NumberBaseConverter+.swift"; sourceTree = "<group>"; };
		B608541F27A67E4D003BF243 /* TextField.swift */ = {isa = PBXFileReference; lastKnownFileType = sourcecode.swift; path = TextField.swift; sourceTree = "<group>"; };
		B61796C427BCB3090054660E /* ToolCategoryCell.swift */ = {isa = PBXFileReference; lastKnownFileType = sourcecode.swift; path = ToolCategoryCell.swift; sourceTree = "<group>"; };
		B61796C627BCB6F00054660E /* SettingView+.swift */ = {isa = PBXFileReference; lastKnownFileType = sourcecode.swift; path = "SettingView+.swift"; sourceTree = "<group>"; };
		B61796C827BCB84A0054660E /* Settings.swift */ = {isa = PBXFileReference; lastKnownFileType = sourcecode.swift; path = Settings.swift; sourceTree = "<group>"; };
		B62013B327A9070D00AF5386 /* UUIDGenerator.swift */ = {isa = PBXFileReference; lastKnownFileType = sourcecode.swift; path = UUIDGenerator.swift; sourceTree = "<group>"; };
		B62013B527A90B8900AF5386 /* NumberField.swift */ = {isa = PBXFileReference; lastKnownFileType = sourcecode.swift; path = NumberField.swift; sourceTree = "<group>"; };
		B620141B27A917E000AF5386 /* Button.swift */ = {isa = PBXFileReference; lastKnownFileType = sourcecode.swift; path = Button.swift; sourceTree = "<group>"; };
		B620141D27A91F6700AF5386 /* LoremIpsumGenerator.swift */ = {isa = PBXFileReference; lastKnownFileType = sourcecode.swift; path = LoremIpsumGenerator.swift; sourceTree = "<group>"; };
		B620142027A9271500AF5386 /* TextInspector.swift */ = {isa = PBXFileReference; lastKnownFileType = sourcecode.swift; path = TextInspector.swift; sourceTree = "<group>"; };
		B620142227A929B400AF5386 /* TagCloudView.swift */ = {isa = PBXFileReference; lastKnownFileType = sourcecode.swift; path = TagCloudView.swift; sourceTree = "<group>"; };
		B627294E27BFB7680034D70C /* WebpImageExporter.swift */ = {isa = PBXFileReference; lastKnownFileType = sourcecode.swift; path = WebpImageExporter.swift; sourceTree = "<group>"; };
		B627295127BFB8CB0034D70C /* cwebp */ = {isa = PBXFileReference; lastKnownFileType = "compiled.mach-o.executable"; path = cwebp; sourceTree = "<group>"; };
		B627295627BFCCC40034D70C /* HeicImageExporter.swift */ = {isa = PBXFileReference; lastKnownFileType = sourcecode.swift; path = HeicImageExporter.swift; sourceTree = "<group>"; };
		B629B93027B8F7E400F573C9 /* ToolManager+Default.swift */ = {isa = PBXFileReference; lastKnownFileType = sourcecode.swift; path = "ToolManager+Default.swift"; sourceTree = "<group>"; };
		B64844FE27B767EC004FE02B /* ToolManager+.swift */ = {isa = PBXFileReference; lastKnownFileType = sourcecode.swift; path = "ToolManager+.swift"; sourceTree = "<group>"; };
		B64AA44F27AD0D3900EC436D /* DateConverter+.swift */ = {isa = PBXFileReference; lastKnownFileType = sourcecode.swift; path = "DateConverter+.swift"; sourceTree = "<group>"; };
		B64B1E7027A4F5E200AC2601 /* DevToys.app */ = {isa = PBXFileReference; explicitFileType = wrapper.application; includeInIndex = 0; path = DevToys.app; sourceTree = BUILT_PRODUCTS_DIR; };
		B64B1E7327A4F5E200AC2601 /* AppDelegate.swift */ = {isa = PBXFileReference; lastKnownFileType = sourcecode.swift; path = AppDelegate.swift; sourceTree = "<group>"; };
		B64B1E7527A4F5E200AC2601 /* AppViewController.swift */ = {isa = PBXFileReference; lastKnownFileType = sourcecode.swift; path = AppViewController.swift; sourceTree = "<group>"; };
		B64B1E7727A4F5E300AC2601 /* Assets.xcassets */ = {isa = PBXFileReference; lastKnownFileType = folder.assetcatalog; path = Assets.xcassets; sourceTree = "<group>"; };
		B64B1E7A27A4F5E300AC2601 /* Base */ = {isa = PBXFileReference; lastKnownFileType = file.storyboard; name = Base; path = Base.lproj/Main.storyboard; sourceTree = "<group>"; };
		B64B1E7C27A4F5E300AC2601 /* Info.plist */ = {isa = PBXFileReference; lastKnownFileType = text.plist.xml; path = Info.plist; sourceTree = "<group>"; };
		B64B1E7D27A4F5E300AC2601 /* DevToys.entitlements */ = {isa = PBXFileReference; lastKnownFileType = text.plist.entitlements; path = DevToys.entitlements; sourceTree = "<group>"; };
		B64B1F5927A4FC1800AC2601 /* CoreUtil.xcodeproj */ = {isa = PBXFileReference; lastKnownFileType = "wrapper.pb-project"; name = CoreUtil.xcodeproj; path = ../CoreUtil/CoreUtil.xcodeproj; sourceTree = "<group>"; };
		B64B1F7127A4FDC800AC2601 /* AppModel.swift */ = {isa = PBXFileReference; lastKnownFileType = sourcecode.swift; path = AppModel.swift; sourceTree = "<group>"; };
		B64B1F7627A4FF8B00AC2601 /* SidebarView+.swift */ = {isa = PBXFileReference; lastKnownFileType = sourcecode.swift; path = "SidebarView+.swift"; sourceTree = "<group>"; };
		B64B201527A5100800AC2601 /* Separator.swift */ = {isa = PBXFileReference; lastKnownFileType = sourcecode.swift; path = Separator.swift; sourceTree = "<group>"; };
		B64B201C27A5219400AC2601 /* SearchCell.swift */ = {isa = PBXFileReference; lastKnownFileType = sourcecode.swift; path = SearchCell.swift; sourceTree = "<group>"; };
		B64B201F27A523A200AC2601 /* ToolMenuCell.swift */ = {isa = PBXFileReference; lastKnownFileType = sourcecode.swift; path = ToolMenuCell.swift; sourceTree = "<group>"; };
		B64B202227A52A2D00AC2601 /* R.swift */ = {isa = PBXFileReference; lastKnownFileType = sourcecode.swift; path = R.swift; sourceTree = "<group>"; };
		B64B202527A52DB400AC2601 /* ToolType.swift */ = {isa = PBXFileReference; lastKnownFileType = sourcecode.swift; path = ToolType.swift; sourceTree = "<group>"; };
		B64B209727A532DF00AC2601 /* AppWindowController.swift */ = {isa = PBXFileReference; lastKnownFileType = sourcecode.swift; path = AppWindowController.swift; sourceTree = "<group>"; };
		B65DB77F27AC0EB400146A3C /* RegexTesterView+.swift */ = {isa = PBXFileReference; lastKnownFileType = sourcecode.swift; path = "RegexTesterView+.swift"; sourceTree = "<group>"; };
		B66850ED27A64D3200A3FE01 /* Page.swift */ = {isa = PBXFileReference; lastKnownFileType = sourcecode.swift; path = Page.swift; sourceTree = "<group>"; };
		B672CF9F27AAB8DD00391A5D /* FileDrop.swift */ = {isa = PBXFileReference; lastKnownFileType = sourcecode.swift; path = FileDrop.swift; sourceTree = "<group>"; };
		B673A90127AD0E78005512AB /* DatePicker.swift */ = {isa = PBXFileReference; lastKnownFileType = sourcecode.swift; path = DatePicker.swift; sourceTree = "<group>"; };
		B67A4C0227C0B9FF009277FB /* ColorPickerHandleLayer.swift */ = {isa = PBXFileReference; fileEncoding = 4; lastKnownFileType = sourcecode.swift; path = ColorPickerHandleLayer.swift; sourceTree = "<group>"; };
		B67A4C0327C0B9FF009277FB /* OpacityBarView.swift */ = {isa = PBXFileReference; fileEncoding = 4; lastKnownFileType = sourcecode.swift; path = OpacityBarView.swift; sourceTree = "<group>"; };
		B67A4C0427C0B9FF009277FB /* HueBarView.swift */ = {isa = PBXFileReference; fileEncoding = 4; lastKnownFileType = sourcecode.swift; path = HueBarView.swift; sourceTree = "<group>"; };
		B67A4C0527C0B9FF009277FB /* ColorPickerView+.swift */ = {isa = PBXFileReference; fileEncoding = 4; lastKnownFileType = sourcecode.swift; path = "ColorPickerView+.swift"; sourceTree = "<group>"; };
		B67A4C0627C0B9FF009277FB /* ColorBoxView.swift */ = {isa = PBXFileReference; fileEncoding = 4; lastKnownFileType = sourcecode.swift; path = ColorBoxView.swift; sourceTree = "<group>"; };
		B67A4C0727C0B9FF009277FB /* Color.swift */ = {isa = PBXFileReference; fileEncoding = 4; lastKnownFileType = sourcecode.swift; path = Color.swift; sourceTree = "<group>"; };
		B680A79427A68B35007CB707 /* HTMLDecoder.swift */ = {isa = PBXFileReference; lastKnownFileType = sourcecode.swift; path = HTMLDecoder.swift; sourceTree = "<group>"; };
		B680A79927A69324007CB707 /* URLDecoder.swift */ = {isa = PBXFileReference; lastKnownFileType = sourcecode.swift; path = URLDecoder.swift; sourceTree = "<group>"; };
		B680A79B27A6947D007CB707 /* Base64Decoder.swift */ = {isa = PBXFileReference; lastKnownFileType = sourcecode.swift; path = Base64Decoder.swift; sourceTree = "<group>"; };
		B680A83227A8BF7D007CB707 /* TextViewSection.swift */ = {isa = PBXFileReference; lastKnownFileType = sourcecode.swift; path = TextViewSection.swift; sourceTree = "<group>"; };
		B680A86727A8D4D1007CB707 /* TextFieldSection.swift */ = {isa = PBXFileReference; lastKnownFileType = sourcecode.swift; path = TextFieldSection.swift; sourceTree = "<group>"; };
		B680A89927A8D9DD007CB707 /* Toast.swift */ = {isa = PBXFileReference; fileEncoding = 4; lastKnownFileType = sourcecode.swift; path = Toast.swift; sourceTree = "<group>"; };
		B680A8A627A8DD5D007CB707 /* JWTDecoder.swift */ = {isa = PBXFileReference; lastKnownFileType = sourcecode.swift; path = JWTDecoder.swift; sourceTree = "<group>"; };
		B680A8A927A8E106007CB707 /* HashGenerator.swift */ = {isa = PBXFileReference; lastKnownFileType = sourcecode.swift; path = HashGenerator.swift; sourceTree = "<group>"; };
		B6AC272F27AA1373000FD713 /* optipng */ = {isa = PBXFileReference; lastKnownFileType = "compiled.mach-o.executable"; path = optipng; sourceTree = "<group>"; };
		B6AC273127AA2BF6000FD713 /* ImageOptimizer.swift */ = {isa = PBXFileReference; lastKnownFileType = sourcecode.swift; path = ImageOptimizer.swift; sourceTree = "<group>"; };
		B6AC276427AA3D61000FD713 /* jpegoptim */ = {isa = PBXFileReference; lastKnownFileType = "compiled.mach-o.executable"; path = jpegoptim; sourceTree = "<group>"; };
		B6AC276927AA535A000FD713 /* PDFGeneratorView+.swift */ = {isa = PBXFileReference; lastKnownFileType = sourcecode.swift; path = "PDFGeneratorView+.swift"; sourceTree = "<group>"; };
		B6B5726127AC14B60069DBA7 /* TextView.swift */ = {isa = PBXFileReference; lastKnownFileType = sourcecode.swift; path = TextView.swift; sourceTree = "<group>"; };
		B6B5726327AC14D10069DBA7 /* RegexTextView.swift */ = {isa = PBXFileReference; lastKnownFileType = sourcecode.swift; path = RegexTextView.swift; sourceTree = "<group>"; };
		B6B5727F27ACC3AE0069DBA7 /* ChecksumGenerator.swift */ = {isa = PBXFileReference; lastKnownFileType = sourcecode.swift; path = ChecksumGenerator.swift; sourceTree = "<group>"; };
		B6B5728127ACCF2F0069DBA7 /* XMLFormatter.swift */ = {isa = PBXFileReference; lastKnownFileType = sourcecode.swift; path = XMLFormatter.swift; sourceTree = "<group>"; };
		B6B5728927ACDA420069DBA7 /* ImageConverterView+.swift */ = {isa = PBXFileReference; lastKnownFileType = sourcecode.swift; path = "ImageConverterView+.swift"; sourceTree = "<group>"; };
		B6B5728B27ACE5600069DBA7 /* ImageConverter.swift */ = {isa = PBXFileReference; lastKnownFileType = sourcecode.swift; path = ImageConverter.swift; sourceTree = "<group>"; };
		B6B5728E27ACFA6D0069DBA7 /* ImageDropper.swift */ = {isa = PBXFileReference; lastKnownFileType = sourcecode.swift; path = ImageDropper.swift; sourceTree = "<group>"; };
		B6BD80EA27B89EA600152AB9 /* ImageOptimaizerView.swift */ = {isa = PBXFileReference; fileEncoding = 4; lastKnownFileType = sourcecode.swift; path = ImageOptimaizerView.swift; sourceTree = "<group>"; };
		B6BD80EE27B8A85400152AB9 /* ToolCategory+Default.swift */ = {isa = PBXFileReference; lastKnownFileType = sourcecode.swift; path = "ToolCategory+Default.swift"; sourceTree = "<group>"; };
		B6BD80F027B8A86100152AB9 /* Tool+Default.swift */ = {isa = PBXFileReference; lastKnownFileType = sourcecode.swift; path = "Tool+Default.swift"; sourceTree = "<group>"; };
		B6BD80F527B8AEE700152AB9 /* en */ = {isa = PBXFileReference; lastKnownFileType = text.plist.strings; name = en; path = en.lproj/Localizable.strings; sourceTree = "<group>"; };
		B6BD80F827B8AF1800152AB9 /* ja */ = {isa = PBXFileReference; lastKnownFileType = text.plist.strings; name = ja; path = ja.lproj/Localizable.strings; sourceTree = "<group>"; };
		B6D1AEDE27A534960022FED2 /* BodyViewController.swift */ = {isa = PBXFileReference; lastKnownFileType = sourcecode.swift; path = BodyViewController.swift; sourceTree = "<group>"; };
		B6D1AEE327A53A560022FED2 /* HomeViewController.swift */ = {isa = PBXFileReference; lastKnownFileType = sourcecode.swift; path = HomeViewController.swift; sourceTree = "<group>"; };
		B6D1AEE827A545230022FED2 /* Area.swift */ = {isa = PBXFileReference; lastKnownFileType = sourcecode.swift; path = Area.swift; sourceTree = "<group>"; };
		B6D1AEEB27A546810022FED2 /* ControlBackgroundLayer.swift */ = {isa = PBXFileReference; lastKnownFileType = sourcecode.swift; path = ControlBackgroundLayer.swift; sourceTree = "<group>"; };
		B6D1AEEF27A547B90022FED2 /* JSONFormatter+.swift */ = {isa = PBXFileReference; lastKnownFileType = sourcecode.swift; path = "JSONFormatter+.swift"; sourceTree = "<group>"; };
		B6D1AEF327A54C440022FED2 /* Section.swift */ = {isa = PBXFileReference; lastKnownFileType = sourcecode.swift; path = Section.swift; sourceTree = "<group>"; };
		B6D1AEF627A54F750022FED2 /* SectionButton.swift */ = {isa = PBXFileReference; lastKnownFileType = sourcecode.swift; path = SectionButton.swift; sourceTree = "<group>"; };
		B6D1AEF927A557280022FED2 /* PopupButton.swift */ = {isa = PBXFileReference; lastKnownFileType = sourcecode.swift; path = PopupButton.swift; sourceTree = "<group>"; };
		B6D1AEFC27A55ED50022FED2 /* CodeTextView.swift */ = {isa = PBXFileReference; lastKnownFileType = sourcecode.swift; path = CodeTextView.swift; sourceTree = "<group>"; };
		B6E15A9227B6742300DC4D6B /* libimageoptimjpeg.dylib */ = {isa = PBXFileReference; lastKnownFileType = "compiled.mach-o.dylib"; path = libimageoptimjpeg.dylib; sourceTree = "<group>"; };
		B6ED863527BFE7DC00A17474 /* DefaultImageExporter.swift */ = {isa = PBXFileReference; lastKnownFileType = sourcecode.swift; path = DefaultImageExporter.swift; sourceTree = "<group>"; };
/* End PBXFileReference section */

/* Begin PBXFrameworksBuildPhase section */
		B64B1E6D27A4F5E200AC2601 /* Frameworks */ = {
			isa = PBXFrameworksBuildPhase;
			buildActionMask = 2147483647;
			files = (
				B6D1AF0627A5603B0022FED2 /* Highlightr in Frameworks */,
				B608541527A66CC9003BF243 /* CoreUtil.framework in Frameworks */,
				B680A79827A69268007CB707 /* HTMLEntities in Frameworks */,
				B608541B27A672E3003BF243 /* Yams in Frameworks */,
				B6B5728827ACD2F20069DBA7 /* Kanna in Frameworks */,
				B66850F227A65FC200A3FE01 /* SwiftJSONFormatter in Frameworks */,
				B680A8AD27A8E31C007CB707 /* CryptoSwift in Frameworks */,
			);
			runOnlyForDeploymentPostprocessing = 0;
		};
/* End PBXFrameworksBuildPhase section */

/* Begin PBXGroup section */
		B608541427A66CC9003BF243 /* Frameworks */ = {
			isa = PBXGroup;
			children = (
			);
			name = Frameworks;
			sourceTree = "<group>";
		};
		B608542127A67FF7003BF243 /* Convert */ = {
			isa = PBXGroup;
			children = (
				B608541127A66A90003BF243 /* JSONYamlConverter+.swift */,
				B608541D27A67B48003BF243 /* NumberBaseConverter+.swift */,
				B64AA44F27AD0D3900EC436D /* DateConverter+.swift */,
			);
			path = Convert;
			sourceTree = "<group>";
		};
		B608542227A68008003BF243 /* Format */ = {
			isa = PBXGroup;
			children = (
				B6D1AEEF27A547B90022FED2 /* JSONFormatter+.swift */,
				B6B5728127ACCF2F0069DBA7 /* XMLFormatter.swift */,
			);
			path = Format;
			sourceTree = "<group>";
		};
		B620141F27A926B400AF5386 /* Text */ = {
			isa = PBXGroup;
			children = (
				B620142027A9271500AF5386 /* TextInspector.swift */,
				B65DB77F27AC0EB400146A3C /* RegexTesterView+.swift */,
				6B42318727AD1BC0002D135A /* HyphenationRemover.swift */,
			);
			path = Text;
			sourceTree = "<group>";
		};
		B620145427A9440E00AF5386 /* Media */ = {
			isa = PBXGroup;
			children = (
				B6AC276927AA535A000FD713 /* PDFGeneratorView+.swift */,
				B67A4C0127C0B9FF009277FB /* Color Picker */,
				B6AC276827AA532B000FD713 /* Image Optimizer */,
				B6B5729027ACFE020069DBA7 /* Image Converter */,
			);
			path = Media;
			sourceTree = "<group>";
		};
		B64B1E6727A4F5E200AC2601 = {
			isa = PBXGroup;
			children = (
				B64B1F5927A4FC1800AC2601 /* CoreUtil.xcodeproj */,
				B64B1E7227A4F5E200AC2601 /* DevToys */,
				B64B1E7127A4F5E200AC2601 /* Products */,
				B608541427A66CC9003BF243 /* Frameworks */,
			);
			sourceTree = "<group>";
		};
		B64B1E7127A4F5E200AC2601 /* Products */ = {
			isa = PBXGroup;
			children = (
				B64B1E7027A4F5E200AC2601 /* DevToys.app */,
			);
			name = Products;
			sourceTree = "<group>";
		};
		B64B1E7227A4F5E200AC2601 /* DevToys */ = {
			isa = PBXGroup;
			children = (
				B64B1E7D27A4F5E300AC2601 /* DevToys.entitlements */,
				B64B1E7C27A4F5E300AC2601 /* Info.plist */,
				B64B1E7327A4F5E200AC2601 /* AppDelegate.swift */,
				B64B1E9D27A4F6A700AC2601 /* Resource */,
				B64B1F7027A4FDBC00AC2601 /* Model */,
				B64B209A27A532E300AC2601 /* App */,
				B64B1F7527A4FF8700AC2601 /* Sidebar */,
				B6D1AEE727A544F20022FED2 /* Component */,
				B6D1AEDD27A534850022FED2 /* Body */,
			);
			path = DevToys;
			sourceTree = "<group>";
		};
		B64B1E9D27A4F6A700AC2601 /* Resource */ = {
			isa = PBXGroup;
			children = (
				B64B1E7927A4F5E300AC2601 /* Main.storyboard */,
				B64B1E7727A4F5E300AC2601 /* Assets.xcassets */,
				B64B202227A52A2D00AC2601 /* R.swift */,
				B6BD80F627B8AEE700152AB9 /* Localizable.strings */,
			);
			path = Resource;
			sourceTree = "<group>";
		};
		B64B1F5A27A4FC1800AC2601 /* Products */ = {
			isa = PBXGroup;
			children = (
				B64B1F5E27A4FC1900AC2601 /* CoreUtil.framework */,
			);
			name = Products;
			sourceTree = "<group>";
		};
		B64B1F7027A4FDBC00AC2601 /* Model */ = {
			isa = PBXGroup;
			children = (
				B64B1F7127A4FDC800AC2601 /* AppModel.swift */,
				B61796C827BCB84A0054660E /* Settings.swift */,
				B64B202527A52DB400AC2601 /* ToolType.swift */,
				B64844FE27B767EC004FE02B /* ToolManager+.swift */,
				B6BD80EE27B8A85400152AB9 /* ToolCategory+Default.swift */,
				B6BD80F027B8A86100152AB9 /* Tool+Default.swift */,
				B629B93027B8F7E400F573C9 /* ToolManager+Default.swift */,
			);
			path = Model;
			sourceTree = "<group>";
		};
		B64B1F7527A4FF8700AC2601 /* Sidebar */ = {
			isa = PBXGroup;
			children = (
				B64B201427A50FFF00AC2601 /* View */,
				B64B1F7627A4FF8B00AC2601 /* SidebarView+.swift */,
				B64B201F27A523A200AC2601 /* ToolMenuCell.swift */,
				B61796C427BCB3090054660E /* ToolCategoryCell.swift */,
				B64B201C27A5219400AC2601 /* SearchCell.swift */,
			);
			path = Sidebar;
			sourceTree = "<group>";
		};
		B64B201427A50FFF00AC2601 /* View */ = {
			isa = PBXGroup;
			children = (
				B64B201527A5100800AC2601 /* Separator.swift */,
			);
			path = View;
			sourceTree = "<group>";
		};
		B64B209A27A532E300AC2601 /* App */ = {
			isa = PBXGroup;
			children = (
				B64B209727A532DF00AC2601 /* AppWindowController.swift */,
				B64B1E7527A4F5E200AC2601 /* AppViewController.swift */,
			);
			path = App;
			sourceTree = "<group>";
		};
		B67A4C0127C0B9FF009277FB /* Color Picker */ = {
			isa = PBXGroup;
			children = (
				B67A4C0227C0B9FF009277FB /* ColorPickerHandleLayer.swift */,
				B67A4C0327C0B9FF009277FB /* OpacityBarView.swift */,
				B67A4C0427C0B9FF009277FB /* HueBarView.swift */,
				B67A4C0527C0B9FF009277FB /* ColorPickerView+.swift */,
				B67A4C0627C0B9FF009277FB /* ColorBoxView.swift */,
				B67A4C0727C0B9FF009277FB /* Color.swift */,
			);
			path = "Color Picker";
			sourceTree = "<group>";
		};
		B680A79327A68B2D007CB707 /* Coder */ = {
			isa = PBXGroup;
			children = (
				B680A79427A68B35007CB707 /* HTMLDecoder.swift */,
				B680A79927A69324007CB707 /* URLDecoder.swift */,
				B680A79B27A6947D007CB707 /* Base64Decoder.swift */,
				B680A8A627A8DD5D007CB707 /* JWTDecoder.swift */,
			);
			path = Coder;
			sourceTree = "<group>";
		};
		B680A8A827A8E0F8007CB707 /* Generator */ = {
			isa = PBXGroup;
			children = (
				B680A8A927A8E106007CB707 /* HashGenerator.swift */,
				B62013B327A9070D00AF5386 /* UUIDGenerator.swift */,
				B620141D27A91F6700AF5386 /* LoremIpsumGenerator.swift */,
				B6B5727F27ACC3AE0069DBA7 /* ChecksumGenerator.swift */,
			);
			path = Generator;
			sourceTree = "<group>";
		};
		B6AC276827AA532B000FD713 /* Image Optimizer */ = {
			isa = PBXGroup;
			children = (
				B6E15A9227B6742300DC4D6B /* libimageoptimjpeg.dylib */,
				B6AC276427AA3D61000FD713 /* jpegoptim */,
				B6AC272F27AA1373000FD713 /* optipng */,
				B6BD80EA27B89EA600152AB9 /* ImageOptimaizerView.swift */,
				B6AC273127AA2BF6000FD713 /* ImageOptimizer.swift */,
			);
			path = "Image Optimizer";
			sourceTree = "<group>";
		};
		B6B5729027ACFE020069DBA7 /* Image Converter */ = {
			isa = PBXGroup;
			children = (
				B6ED863427BFE12400A17474 /* Exporters */,
				B6B5728927ACDA420069DBA7 /* ImageConverterView+.swift */,
				B6B5728E27ACFA6D0069DBA7 /* ImageDropper.swift */,
				B6B5728B27ACE5600069DBA7 /* ImageConverter.swift */,
			);
			path = "Image Converter";
			sourceTree = "<group>";
		};
		B6D1AEDD27A534850022FED2 /* Body */ = {
			isa = PBXGroup;
			children = (
				B6D1AEDE27A534960022FED2 /* BodyViewController.swift */,
				B6D1AEE327A53A560022FED2 /* HomeViewController.swift */,
				B61796C627BCB6F00054660E /* SettingView+.swift */,
				B608542127A67FF7003BF243 /* Convert */,
				B680A79327A68B2D007CB707 /* Coder */,
				B608542227A68008003BF243 /* Format */,
				B680A8A827A8E0F8007CB707 /* Generator */,
				B620141F27A926B400AF5386 /* Text */,
				B620145427A9440E00AF5386 /* Media */,
			);
			path = Body;
			sourceTree = "<group>";
		};
		B6D1AEE727A544F20022FED2 /* Component */ = {
			isa = PBXGroup;
			children = (
				B6D1AEE827A545230022FED2 /* Area.swift */,
				B6D1AEF327A54C440022FED2 /* Section.swift */,
				B6D1AEEB27A546810022FED2 /* ControlBackgroundLayer.swift */,
				B6D1AEF627A54F750022FED2 /* SectionButton.swift */,
				B608540A27A66694003BF243 /* SectionButton+.swift */,
				B680A89927A8D9DD007CB707 /* Toast.swift */,
				B6D1AEF927A557280022FED2 /* PopupButton.swift */,
				B6D1AEFC27A55ED50022FED2 /* CodeTextView.swift */,
				B672CF9F27AAB8DD00391A5D /* FileDrop.swift */,
				B66850ED27A64D3200A3FE01 /* Page.swift */,
				B608541F27A67E4D003BF243 /* TextField.swift */,
				B680A83227A8BF7D007CB707 /* TextViewSection.swift */,
				B680A86727A8D4D1007CB707 /* TextFieldSection.swift */,
				B62013B527A90B8900AF5386 /* NumberField.swift */,
				B620141B27A917E000AF5386 /* Button.swift */,
				B620142227A929B400AF5386 /* TagCloudView.swift */,
				B6B5726127AC14B60069DBA7 /* TextView.swift */,
				B6B5726327AC14D10069DBA7 /* RegexTextView.swift */,
				B673A90127AD0E78005512AB /* DatePicker.swift */,
			);
			path = Component;
			sourceTree = "<group>";
		};
		B6ED863427BFE12400A17474 /* Exporters */ = {
			isa = PBXGroup;
			children = (
				B627295127BFB8CB0034D70C /* cwebp */,
				B627295627BFCCC40034D70C /* HeicImageExporter.swift */,
				B627294E27BFB7680034D70C /* WebpImageExporter.swift */,
				B6ED863527BFE7DC00A17474 /* DefaultImageExporter.swift */,
			);
			path = Exporters;
			sourceTree = "<group>";
		};
/* End PBXGroup section */

/* Begin PBXNativeTarget section */
		B64B1E6F27A4F5E200AC2601 /* DevToys */ = {
			isa = PBXNativeTarget;
			buildConfigurationList = B64B1E8027A4F5E300AC2601 /* Build configuration list for PBXNativeTarget "DevToys" */;
			buildPhases = (
				B64B1E6C27A4F5E200AC2601 /* Sources */,
				B64B1E6D27A4F5E200AC2601 /* Frameworks */,
				B64B1E6E27A4F5E200AC2601 /* Resources */,
				B608541727A66CC9003BF243 /* Embed Frameworks */,
			);
			buildRules = (
			);
			dependencies = (
				B64B1F6027A4FC1F00AC2601 /* PBXTargetDependency */,
			);
			name = DevToys;
			packageProductDependencies = (
				B6D1AF0527A5603B0022FED2 /* Highlightr */,
				B66850F127A65FC200A3FE01 /* SwiftJSONFormatter */,
				B608541A27A672E3003BF243 /* Yams */,
				B680A79727A69268007CB707 /* HTMLEntities */,
				B680A8AC27A8E31C007CB707 /* CryptoSwift */,
				B6B5728727ACD2F20069DBA7 /* Kanna */,
			);
			productName = DevToys;
			productReference = B64B1E7027A4F5E200AC2601 /* DevToys.app */;
			productType = "com.apple.product-type.application";
		};
/* End PBXNativeTarget section */

/* Begin PBXProject section */
		B64B1E6827A4F5E200AC2601 /* Project object */ = {
			isa = PBXProject;
			attributes = {
				LastSwiftUpdateCheck = 1240;
				LastUpgradeCheck = 1240;
				TargetAttributes = {
					B64B1E6F27A4F5E200AC2601 = {
						CreatedOnToolsVersion = 12.4;
					};
				};
			};
			buildConfigurationList = B64B1E6B27A4F5E200AC2601 /* Build configuration list for PBXProject "DevToys" */;
			compatibilityVersion = "Xcode 9.3";
			developmentRegion = en;
			hasScannedForEncodings = 0;
			knownRegions = (
				en,
				Base,
				ja,
			);
			mainGroup = B64B1E6727A4F5E200AC2601;
			packageReferences = (
				B6D1AF0427A5603B0022FED2 /* XCRemoteSwiftPackageReference "Highlightr" */,
				B66850F027A65FC200A3FE01 /* XCRemoteSwiftPackageReference "SwiftJSONFormatter" */,
				B608541927A672E3003BF243 /* XCRemoteSwiftPackageReference "Yams" */,
				B680A79627A69268007CB707 /* XCRemoteSwiftPackageReference "swift-html-entities" */,
				B680A8AB27A8E31C007CB707 /* XCRemoteSwiftPackageReference "CryptoSwift" */,
				B6B5728627ACD2F20069DBA7 /* XCRemoteSwiftPackageReference "Kanna" */,
			);
			productRefGroup = B64B1E7127A4F5E200AC2601 /* Products */;
			projectDirPath = "";
			projectReferences = (
				{
					ProductGroup = B64B1F5A27A4FC1800AC2601 /* Products */;
					ProjectRef = B64B1F5927A4FC1800AC2601 /* CoreUtil.xcodeproj */;
				},
			);
			projectRoot = "";
			targets = (
				B64B1E6F27A4F5E200AC2601 /* DevToys */,
			);
		};
/* End PBXProject section */

/* Begin PBXReferenceProxy section */
		B64B1F5E27A4FC1900AC2601 /* CoreUtil.framework */ = {
			isa = PBXReferenceProxy;
			fileType = wrapper.framework;
			path = CoreUtil.framework;
			remoteRef = B64B1F5D27A4FC1900AC2601 /* PBXContainerItemProxy */;
			sourceTree = BUILT_PRODUCTS_DIR;
		};
/* End PBXReferenceProxy section */

/* Begin PBXResourcesBuildPhase section */
		B64B1E6E27A4F5E200AC2601 /* Resources */ = {
			isa = PBXResourcesBuildPhase;
			buildActionMask = 2147483647;
			files = (
				B6E15A9427B6745100DC4D6B /* libimageoptimjpeg.dylib in Resources */,
				B6BD80F427B8AEE700152AB9 /* Localizable.strings in Resources */,
				B627295227BFB8CB0034D70C /* cwebp in Resources */,
				B6AC276527AA3D61000FD713 /* jpegoptim in Resources */,
				B6AC273027AA1373000FD713 /* optipng in Resources */,
				B64B1E7827A4F5E300AC2601 /* Assets.xcassets in Resources */,
				B64B1E7B27A4F5E300AC2601 /* Main.storyboard in Resources */,
			);
			runOnlyForDeploymentPostprocessing = 0;
		};
/* End PBXResourcesBuildPhase section */

/* Begin PBXSourcesBuildPhase section */
		B64B1E6C27A4F5E200AC2601 /* Sources */ = {
			isa = PBXSourcesBuildPhase;
			buildActionMask = 2147483647;
			files = (
				B62013B627A90B8900AF5386 /* NumberField.swift in Sources */,
				B6BD80EB27B89EA600152AB9 /* ImageOptimaizerView.swift in Sources */,
				B67A4C0D27C0BA00009277FB /* Color.swift in Sources */,
				B608541E27A67B48003BF243 /* NumberBaseConverter+.swift in Sources */,
				B680A8AA27A8E106007CB707 /* HashGenerator.swift in Sources */,
				B64B202027A523A200AC2601 /* ToolMenuCell.swift in Sources */,
				B64AA45027AD0D3900EC436D /* DateConverter+.swift in Sources */,
				B672CFA027AAB8DD00391A5D /* FileDrop.swift in Sources */,
				B608540B27A66694003BF243 /* SectionButton+.swift in Sources */,
				B67A4C0C27C0BA00009277FB /* ColorBoxView.swift in Sources */,
				B6B5726427AC14D10069DBA7 /* RegexTextView.swift in Sources */,
				B680A83327A8BF7D007CB707 /* TextViewSection.swift in Sources */,
				B6B5726227AC14B60069DBA7 /* TextView.swift in Sources */,
				B627295727BFCCC40034D70C /* HeicImageExporter.swift in Sources */,
				B620142327A929B400AF5386 /* TagCloudView.swift in Sources */,
				B67A4C0927C0BA00009277FB /* OpacityBarView.swift in Sources */,
				B6B5728027ACC3AF0069DBA7 /* ChecksumGenerator.swift in Sources */,
				B64B209827A532DF00AC2601 /* AppWindowController.swift in Sources */,
				B673A90227AD0E78005512AB /* DatePicker.swift in Sources */,
				B620141C27A917E000AF5386 /* Button.swift in Sources */,
				B6AC273227AA2BF6000FD713 /* ImageOptimizer.swift in Sources */,
				B67A4C0A27C0BA00009277FB /* HueBarView.swift in Sources */,
				B65DB78027AC0EB400146A3C /* RegexTesterView+.swift in Sources */,
				B6B5728F27ACFA6E0069DBA7 /* ImageDropper.swift in Sources */,
				B680A89A27A8D9DD007CB707 /* Toast.swift in Sources */,
				B6D1AEF727A54F750022FED2 /* SectionButton.swift in Sources */,
				B64B1E7627A4F5E200AC2601 /* AppViewController.swift in Sources */,
				B6D1AEE927A545230022FED2 /* Area.swift in Sources */,
				B64B1F7727A4FF8B00AC2601 /* SidebarView+.swift in Sources */,
				B64B202327A52A2D00AC2601 /* R.swift in Sources */,
				B6B5728227ACCF2F0069DBA7 /* XMLFormatter.swift in Sources */,
				B64B201D27A5219400AC2601 /* SearchCell.swift in Sources */,
				B6BD80EF27B8A85400152AB9 /* ToolCategory+Default.swift in Sources */,
				B67A4C0827C0BA00009277FB /* ColorPickerHandleLayer.swift in Sources */,
				B66850EE27A64D3200A3FE01 /* Page.swift in Sources */,
				B61796C527BCB3090054660E /* ToolCategoryCell.swift in Sources */,
				B6BD80F127B8A86100152AB9 /* Tool+Default.swift in Sources */,
				B6D1AEF427A54C440022FED2 /* Section.swift in Sources */,
				B64B1F7227A4FDC800AC2601 /* AppModel.swift in Sources */,
				B6D1AEFA27A557280022FED2 /* PopupButton.swift in Sources */,
				B6B5728A27ACDA420069DBA7 /* ImageConverterView+.swift in Sources */,
				B6D1AEF027A547B90022FED2 /* JSONFormatter+.swift in Sources */,
				B64844FF27B767EC004FE02B /* ToolManager+.swift in Sources */,
				B620142127A9271500AF5386 /* TextInspector.swift in Sources */,
				B64B1E7427A4F5E200AC2601 /* AppDelegate.swift in Sources */,
				B620141E27A91F6700AF5386 /* LoremIpsumGenerator.swift in Sources */,
				B627294F27BFB7680034D70C /* WebpImageExporter.swift in Sources */,
				B6B5728C27ACE5600069DBA7 /* ImageConverter.swift in Sources */,
				B6D1AEDF27A534960022FED2 /* BodyViewController.swift in Sources */,
				B680A79C27A6947D007CB707 /* Base64Decoder.swift in Sources */,
				B680A86827A8D4D1007CB707 /* TextFieldSection.swift in Sources */,
				B680A79527A68B35007CB707 /* HTMLDecoder.swift in Sources */,
				B680A8A727A8DD5D007CB707 /* JWTDecoder.swift in Sources */,
				6B42318827AD1BC0002D135A /* HyphenationRemover.swift in Sources */,
				B61796C727BCB6F00054660E /* SettingView+.swift in Sources */,
				B6D1AEE427A53A560022FED2 /* HomeViewController.swift in Sources */,
				B629B93127B8F7E400F573C9 /* ToolManager+Default.swift in Sources */,
				B6AC276A27AA535A000FD713 /* PDFGeneratorView+.swift in Sources */,
				B608542027A67E4D003BF243 /* TextField.swift in Sources */,
				B680A79A27A69324007CB707 /* URLDecoder.swift in Sources */,
				B64B202627A52DB400AC2601 /* ToolType.swift in Sources */,
				B6ED863627BFE7DC00A17474 /* DefaultImageExporter.swift in Sources */,
				B61796C927BCB84A0054660E /* Settings.swift in Sources */,
				B67A4C0B27C0BA00009277FB /* ColorPickerView+.swift in Sources */,
				B608541227A66A90003BF243 /* JSONYamlConverter+.swift in Sources */,
				B6D1AEFD27A55ED50022FED2 /* CodeTextView.swift in Sources */,
				B62013B427A9070D00AF5386 /* UUIDGenerator.swift in Sources */,
				B6D1AEEC27A546810022FED2 /* ControlBackgroundLayer.swift in Sources */,
				B64B201627A5100800AC2601 /* Separator.swift in Sources */,
			);
			runOnlyForDeploymentPostprocessing = 0;
		};
/* End PBXSourcesBuildPhase section */

/* Begin PBXTargetDependency section */
		B64B1F6027A4FC1F00AC2601 /* PBXTargetDependency */ = {
			isa = PBXTargetDependency;
			name = CoreUtil;
			targetProxy = B64B1F5F27A4FC1F00AC2601 /* PBXContainerItemProxy */;
		};
/* End PBXTargetDependency section */

/* Begin PBXVariantGroup section */
		B64B1E7927A4F5E300AC2601 /* Main.storyboard */ = {
			isa = PBXVariantGroup;
			children = (
				B64B1E7A27A4F5E300AC2601 /* Base */,
			);
			name = Main.storyboard;
			sourceTree = "<group>";
		};
		B6BD80F627B8AEE700152AB9 /* Localizable.strings */ = {
			isa = PBXVariantGroup;
			children = (
				B6BD80F527B8AEE700152AB9 /* en */,
				B6BD80F827B8AF1800152AB9 /* ja */,
			);
			name = Localizable.strings;
			sourceTree = "<group>";
		};
/* End PBXVariantGroup section */

/* Begin XCBuildConfiguration section */
		B64B1E7E27A4F5E300AC2601 /* Debug */ = {
			isa = XCBuildConfiguration;
			buildSettings = {
				ALWAYS_SEARCH_USER_PATHS = NO;
				CLANG_ANALYZER_LOCALIZABILITY_NONLOCALIZED = YES;
				CLANG_ANALYZER_NONNULL = YES;
				CLANG_ANALYZER_NUMBER_OBJECT_CONVERSION = YES_AGGRESSIVE;
				CLANG_CXX_LANGUAGE_STANDARD = "gnu++14";
				CLANG_CXX_LIBRARY = "libc++";
				CLANG_ENABLE_MODULES = YES;
				CLANG_ENABLE_OBJC_ARC = YES;
				CLANG_ENABLE_OBJC_WEAK = YES;
				CLANG_WARN_BLOCK_CAPTURE_AUTORELEASING = YES;
				CLANG_WARN_BOOL_CONVERSION = YES;
				CLANG_WARN_COMMA = YES;
				CLANG_WARN_CONSTANT_CONVERSION = YES;
				CLANG_WARN_DEPRECATED_OBJC_IMPLEMENTATIONS = YES;
				CLANG_WARN_DIRECT_OBJC_ISA_USAGE = YES_ERROR;
				CLANG_WARN_DOCUMENTATION_COMMENTS = YES;
				CLANG_WARN_EMPTY_BODY = YES;
				CLANG_WARN_ENUM_CONVERSION = YES;
				CLANG_WARN_INFINITE_RECURSION = YES;
				CLANG_WARN_INT_CONVERSION = YES;
				CLANG_WARN_NON_LITERAL_NULL_CONVERSION = YES;
				CLANG_WARN_OBJC_IMPLICIT_RETAIN_SELF = YES;
				CLANG_WARN_OBJC_LITERAL_CONVERSION = YES;
				CLANG_WARN_OBJC_ROOT_CLASS = YES_ERROR;
				CLANG_WARN_QUOTED_INCLUDE_IN_FRAMEWORK_HEADER = YES;
				CLANG_WARN_RANGE_LOOP_ANALYSIS = YES;
				CLANG_WARN_STRICT_PROTOTYPES = YES;
				CLANG_WARN_SUSPICIOUS_MOVE = YES;
				CLANG_WARN_UNGUARDED_AVAILABILITY = YES_AGGRESSIVE;
				CLANG_WARN_UNREACHABLE_CODE = YES;
				CLANG_WARN__DUPLICATE_METHOD_MATCH = YES;
				COPY_PHASE_STRIP = NO;
				DEBUG_INFORMATION_FORMAT = dwarf;
				ENABLE_STRICT_OBJC_MSGSEND = YES;
				ENABLE_TESTABILITY = YES;
				GCC_C_LANGUAGE_STANDARD = gnu11;
				GCC_DYNAMIC_NO_PIC = NO;
				GCC_NO_COMMON_BLOCKS = YES;
				GCC_OPTIMIZATION_LEVEL = 0;
				GCC_PREPROCESSOR_DEFINITIONS = (
					"DEBUG=1",
					"$(inherited)",
				);
				GCC_WARN_64_TO_32_BIT_CONVERSION = YES;
				GCC_WARN_ABOUT_RETURN_TYPE = YES_ERROR;
				GCC_WARN_UNDECLARED_SELECTOR = YES;
				GCC_WARN_UNINITIALIZED_AUTOS = YES_AGGRESSIVE;
				GCC_WARN_UNUSED_FUNCTION = YES;
				GCC_WARN_UNUSED_VARIABLE = YES;
				MACOSX_DEPLOYMENT_TARGET = 10.15;
				MTL_ENABLE_DEBUG_INFO = INCLUDE_SOURCE;
				MTL_FAST_MATH = YES;
				ONLY_ACTIVE_ARCH = YES;
				SDKROOT = macosx;
				SWIFT_ACTIVE_COMPILATION_CONDITIONS = DEBUG;
				SWIFT_OPTIMIZATION_LEVEL = "-Onone";
			};
			name = Debug;
		};
		B64B1E7F27A4F5E300AC2601 /* Release */ = {
			isa = XCBuildConfiguration;
			buildSettings = {
				ALWAYS_SEARCH_USER_PATHS = NO;
				CLANG_ANALYZER_LOCALIZABILITY_NONLOCALIZED = YES;
				CLANG_ANALYZER_NONNULL = YES;
				CLANG_ANALYZER_NUMBER_OBJECT_CONVERSION = YES_AGGRESSIVE;
				CLANG_CXX_LANGUAGE_STANDARD = "gnu++14";
				CLANG_CXX_LIBRARY = "libc++";
				CLANG_ENABLE_MODULES = YES;
				CLANG_ENABLE_OBJC_ARC = YES;
				CLANG_ENABLE_OBJC_WEAK = YES;
				CLANG_WARN_BLOCK_CAPTURE_AUTORELEASING = YES;
				CLANG_WARN_BOOL_CONVERSION = YES;
				CLANG_WARN_COMMA = YES;
				CLANG_WARN_CONSTANT_CONVERSION = YES;
				CLANG_WARN_DEPRECATED_OBJC_IMPLEMENTATIONS = YES;
				CLANG_WARN_DIRECT_OBJC_ISA_USAGE = YES_ERROR;
				CLANG_WARN_DOCUMENTATION_COMMENTS = YES;
				CLANG_WARN_EMPTY_BODY = YES;
				CLANG_WARN_ENUM_CONVERSION = YES;
				CLANG_WARN_INFINITE_RECURSION = YES;
				CLANG_WARN_INT_CONVERSION = YES;
				CLANG_WARN_NON_LITERAL_NULL_CONVERSION = YES;
				CLANG_WARN_OBJC_IMPLICIT_RETAIN_SELF = YES;
				CLANG_WARN_OBJC_LITERAL_CONVERSION = YES;
				CLANG_WARN_OBJC_ROOT_CLASS = YES_ERROR;
				CLANG_WARN_QUOTED_INCLUDE_IN_FRAMEWORK_HEADER = YES;
				CLANG_WARN_RANGE_LOOP_ANALYSIS = YES;
				CLANG_WARN_STRICT_PROTOTYPES = YES;
				CLANG_WARN_SUSPICIOUS_MOVE = YES;
				CLANG_WARN_UNGUARDED_AVAILABILITY = YES_AGGRESSIVE;
				CLANG_WARN_UNREACHABLE_CODE = YES;
				CLANG_WARN__DUPLICATE_METHOD_MATCH = YES;
				COPY_PHASE_STRIP = NO;
				DEBUG_INFORMATION_FORMAT = "dwarf-with-dsym";
				ENABLE_NS_ASSERTIONS = NO;
				ENABLE_STRICT_OBJC_MSGSEND = YES;
				GCC_C_LANGUAGE_STANDARD = gnu11;
				GCC_NO_COMMON_BLOCKS = YES;
				GCC_WARN_64_TO_32_BIT_CONVERSION = YES;
				GCC_WARN_ABOUT_RETURN_TYPE = YES_ERROR;
				GCC_WARN_UNDECLARED_SELECTOR = YES;
				GCC_WARN_UNINITIALIZED_AUTOS = YES_AGGRESSIVE;
				GCC_WARN_UNUSED_FUNCTION = YES;
				GCC_WARN_UNUSED_VARIABLE = YES;
				MACOSX_DEPLOYMENT_TARGET = 10.15;
				MTL_ENABLE_DEBUG_INFO = NO;
				MTL_FAST_MATH = YES;
				SDKROOT = macosx;
				SWIFT_COMPILATION_MODE = wholemodule;
				SWIFT_OPTIMIZATION_LEVEL = "-O";
			};
			name = Release;
		};
		B64B1E8127A4F5E300AC2601 /* Debug */ = {
			isa = XCBuildConfiguration;
			buildSettings = {
				ASSETCATALOG_COMPILER_APPICON_NAME = AppIcon;
				ASSETCATALOG_COMPILER_GLOBAL_ACCENT_COLOR_NAME = AccentColor;
				CODE_SIGN_ENTITLEMENTS = DevToys/DevToys.entitlements;
				CODE_SIGN_IDENTITY = "Apple Development";
				CODE_SIGN_STYLE = Automatic;
				COMBINE_HIDPI_IMAGES = YES;
				CURRENT_PROJECT_VERSION = 1;
				DEVELOPMENT_TEAM = T5HMUWWK5R;
				ENABLE_HARDENED_RUNTIME = YES;
				INFOPLIST_FILE = DevToys/Info.plist;
				LD_RUNPATH_SEARCH_PATHS = (
					"$(inherited)",
					"@executable_path/../Frameworks",
				);
				LIBRARY_SEARCH_PATHS = (
					"$(inherited)",
					"$(PROJECT_DIR)/DevToys/Body/Media/Image\\ Optimizer",
					"$(PROJECT_DIR)/DevToys/Body/Media/Image\\ Optimizer",
					"$(PROJECT_DIR)/DevToys/Body/Media/Image\\ Optimizer",
				);
				MACOSX_DEPLOYMENT_TARGET = 10.15;
				MARKETING_VERSION = 0.0.7;
				PRODUCT_BUNDLE_IDENTIFIER = com.yuki.DevToys;
				PRODUCT_NAME = "$(TARGET_NAME)";
				SWIFT_ENFORCE_EXCLUSIVE_ACCESS = off;
				SWIFT_VERSION = 5.0;
			};
			name = Debug;
		};
		B64B1E8227A4F5E300AC2601 /* Release */ = {
			isa = XCBuildConfiguration;
			buildSettings = {
				ASSETCATALOG_COMPILER_APPICON_NAME = AppIcon;
				ASSETCATALOG_COMPILER_GLOBAL_ACCENT_COLOR_NAME = AccentColor;
				CODE_SIGN_ENTITLEMENTS = DevToys/DevToys.entitlements;
				CODE_SIGN_IDENTITY = "Apple Development";
				CODE_SIGN_STYLE = Automatic;
				COMBINE_HIDPI_IMAGES = YES;
				CURRENT_PROJECT_VERSION = 1;
				DEVELOPMENT_TEAM = T5HMUWWK5R;
				ENABLE_HARDENED_RUNTIME = YES;
				INFOPLIST_FILE = DevToys/Info.plist;
				LD_RUNPATH_SEARCH_PATHS = (
					"$(inherited)",
					"@executable_path/../Frameworks",
				);
				LIBRARY_SEARCH_PATHS = (
					"$(inherited)",
					"$(PROJECT_DIR)/DevToys/Body/Media/Image\\ Optimizer",
					"$(PROJECT_DIR)/DevToys/Body/Media/Image\\ Optimizer",
					"$(PROJECT_DIR)/DevToys/Body/Media/Image\\ Optimizer",
				);
				MACOSX_DEPLOYMENT_TARGET = 10.15;
				MARKETING_VERSION = 0.0.7;
				PRODUCT_BUNDLE_IDENTIFIER = com.yuki.DevToys;
				PRODUCT_NAME = "$(TARGET_NAME)";
				SWIFT_ENFORCE_EXCLUSIVE_ACCESS = off;
				SWIFT_VERSION = 5.0;
			};
			name = Release;
		};
/* End XCBuildConfiguration section */

/* Begin XCConfigurationList section */
		B64B1E6B27A4F5E200AC2601 /* Build configuration list for PBXProject "DevToys" */ = {
			isa = XCConfigurationList;
			buildConfigurations = (
				B64B1E7E27A4F5E300AC2601 /* Debug */,
				B64B1E7F27A4F5E300AC2601 /* Release */,
			);
			defaultConfigurationIsVisible = 0;
			defaultConfigurationName = Release;
		};
		B64B1E8027A4F5E300AC2601 /* Build configuration list for PBXNativeTarget "DevToys" */ = {
			isa = XCConfigurationList;
			buildConfigurations = (
				B64B1E8127A4F5E300AC2601 /* Debug */,
				B64B1E8227A4F5E300AC2601 /* Release */,
			);
			defaultConfigurationIsVisible = 0;
			defaultConfigurationName = Release;
		};
/* End XCConfigurationList section */

/* Begin XCRemoteSwiftPackageReference section */
		B608541927A672E3003BF243 /* XCRemoteSwiftPackageReference "Yams" */ = {
			isa = XCRemoteSwiftPackageReference;
			repositoryURL = "https://github.com/ObuchiYuki/Yams";
			requirement = {
				branch = main;
				kind = branch;
			};
		};
		B66850F027A65FC200A3FE01 /* XCRemoteSwiftPackageReference "SwiftJSONFormatter" */ = {
			isa = XCRemoteSwiftPackageReference;
			repositoryURL = "https://github.com/ObuchiYuki/SwiftJSONFormatter";
			requirement = {
				branch = main;
				kind = branch;
			};
		};
		B680A79627A69268007CB707 /* XCRemoteSwiftPackageReference "swift-html-entities" */ = {
			isa = XCRemoteSwiftPackageReference;
			repositoryURL = "https://github.com/Kitura/swift-html-entities.git";
			requirement = {
				kind = upToNextMajorVersion;
				minimumVersion = 4.0.0;
			};
		};
		B680A8AB27A8E31C007CB707 /* XCRemoteSwiftPackageReference "CryptoSwift" */ = {
			isa = XCRemoteSwiftPackageReference;
			repositoryURL = "https://github.com/krzyzanowskim/CryptoSwift.git";
			requirement = {
				kind = upToNextMajorVersion;
				minimumVersion = 1.4.2;
			};
		};
		B6B5728627ACD2F20069DBA7 /* XCRemoteSwiftPackageReference "Kanna" */ = {
			isa = XCRemoteSwiftPackageReference;
			repositoryURL = "https://github.com/tid-kijyun/Kanna.git";
			requirement = {
				kind = upToNextMajorVersion;
				minimumVersion = 5.2.7;
			};
		};
		B6D1AF0427A5603B0022FED2 /* XCRemoteSwiftPackageReference "Highlightr" */ = {
			isa = XCRemoteSwiftPackageReference;
			repositoryURL = "https://github.com/raspu/Highlightr";
			requirement = {
				kind = upToNextMajorVersion;
				minimumVersion = 2.1.2;
			};
		};
/* End XCRemoteSwiftPackageReference section */

/* Begin XCSwiftPackageProductDependency section */
		B608541A27A672E3003BF243 /* Yams */ = {
			isa = XCSwiftPackageProductDependency;
			package = B608541927A672E3003BF243 /* XCRemoteSwiftPackageReference "Yams" */;
			productName = Yams;
		};
		B66850F127A65FC200A3FE01 /* SwiftJSONFormatter */ = {
			isa = XCSwiftPackageProductDependency;
			package = B66850F027A65FC200A3FE01 /* XCRemoteSwiftPackageReference "SwiftJSONFormatter" */;
			productName = SwiftJSONFormatter;
		};
		B680A79727A69268007CB707 /* HTMLEntities */ = {
			isa = XCSwiftPackageProductDependency;
			package = B680A79627A69268007CB707 /* XCRemoteSwiftPackageReference "swift-html-entities" */;
			productName = HTMLEntities;
		};
		B680A8AC27A8E31C007CB707 /* CryptoSwift */ = {
			isa = XCSwiftPackageProductDependency;
			package = B680A8AB27A8E31C007CB707 /* XCRemoteSwiftPackageReference "CryptoSwift" */;
			productName = CryptoSwift;
		};
		B6B5728727ACD2F20069DBA7 /* Kanna */ = {
			isa = XCSwiftPackageProductDependency;
			package = B6B5728627ACD2F20069DBA7 /* XCRemoteSwiftPackageReference "Kanna" */;
			productName = Kanna;
		};
		B6D1AF0527A5603B0022FED2 /* Highlightr */ = {
			isa = XCSwiftPackageProductDependency;
			package = B6D1AF0427A5603B0022FED2 /* XCRemoteSwiftPackageReference "Highlightr" */;
			productName = Highlightr;
		};
/* End XCSwiftPackageProductDependency section */
	};
	rootObject = B64B1E6827A4F5E200AC2601 /* Project object */;
}
