{
  "object": {
    "pins": [
      {
        "package": "CryptoSwift",
        "repositoryURL": "https://github.com/krzyzanowskim/CryptoSwift.git",
        "state": {
          "branch": null,
          "revision": "12f2389aca4a07e0dd54c86ec23d0721ed88b8db",
          "version": "1.4.3"
        }
      },
      {
        "package": "DiffMatchPatch",
        "repositoryURL": "https://github.com/ObuchiYuki/DiffMatchPatch",
        "state": {
          "branch": null,
          "revision": "5db22e8f9ac588a130f62733105bbe5c5bdd7bc3",
          "version": "1.0.3"
        }
      },
      {
        "package": "Highlightr",
        "repositoryURL": "https://github.com/raspu/Highlightr",
        "state": {
          "branch": null,
          "revision": "93199b9e434f04bda956a613af8f571933f9f037",
          "version": "2.1.2"
        }
      },
      {
        "package": "Kanna",
        "repositoryURL": "https://github.com/tid-kijyun/Kanna.git",
        "state": {
          "branch": null,
          "revision": "f9e4922223dd0d3dfbf02ca70812cf5531fc0593",
          "version": "5.2.7"
        }
      },
      {
        "package": "Promise",
        "repositoryURL": "https://github.com/ObuchiYuki/Promise.git",
        "state": {
          "branch": null,
          "revision": "cf504f07706a11f9cf2af339e9b1ffca2b95d4ac",
          "version": "1.0.13"
        }
      },
      {
        "package": "SnapKit",
        "repositoryURL": "https://github.com/SnapKit/SnapKit.git",
        "state": {
          "branch": null,
          "revision": "d458564516e5676af9c70b4f4b2a9178294f1bc6",
          "version": "5.0.1"
        }
      },
      {
        "package": "Sparkle",
        "repositoryURL": "https://github.com/sparkle-project/Sparkle",
        "state": {
          "branch": null,
          "revision": "286edd1fa22505a9e54d170e9fd07d775ea233f2",
          "version": "2.1.0"
        }
      },
      {
        "package": "swift-collections",
        "repositoryURL": "https://github.com/apple/swift-collections",
        "state": {
          "branch": null,
          "revision": "48254824bb4248676bf7ce56014ff57b142b77eb",
          "version": "1.0.2"
        }
      },
      {
        "package": "HTMLEntities",
        "repositoryURL": "https://github.com/Kitura/swift-html-entities.git",
        "state": {
          "branch": null,
          "revision": "3686a2b931be24dd2531307f89e2f1d648c0200e",
          "version": "4.0.0"
        }
      },
      {
        "package": "SwiftJSONFormatter",
        "repositoryURL": "https://github.com/ObuchiYuki/SwiftJSONFormatter",
        "state": {
          "branch": "main",
          "revision": "65191c3708b2b74e43cac716d14deeb2536865a8",
          "version": null
        }
      },
      {
        "package": "Yams",
        "repositoryURL": "https://github.com/ObuchiYuki/Yams",
        "state": {
          "branch": "main",
          "revision": "78957e5f5c026b3a4f2f54498cf18ff3bf42fdf8",
          "version": null
        }
      }
    ]
  },
  "version": 1
}
